
Microsoft Visual Studio Solution File, Format Version 12.00
# Visual Studio Version 16
VisualStudioVersion = 16.0.30406.217
MinimumVisualStudioVersion = 10.0.40219.1
Project("{FAE04EC0-301F-11D3-BF4B-00C04F79EFBC}") = "Assignment 1 Web Application MVC", "Assignment 1 Web Application MVC.csproj", "{66DD33A9-FB78-42D3-AD3F-1D6FB5366A5B}"
EndProject
Global
	GlobalSection(SolutionConfigurationPlatforms) = preSolution
		Debug|Any CPU = Debug|Any CPU
		Release|Any CPU = Release|Any CPU
	EndGlobalSection
	GlobalSection(ProjectConfigurationPlatforms) = postSolution
		{66DD33A9-FB78-42D3-AD3F-1D6FB5366A5B}.Debug|Any CPU.ActiveCfg = Debug|Any CPU
		{66DD33A9-FB78-42D3-AD3F-1D6FB5366A5B}.Debug|Any CPU.Build.0 = Debug|Any CPU
		{66DD33A9-FB78-42D3-AD3F-1D6FB5366A5B}.Release|Any CPU.ActiveCfg = Release|Any CPU
		{66DD33A9-FB78-42D3-AD3F-1D6FB5366A5B}.Release|Any CPU.Build.0 = Release|Any CPU
	EndGlobalSection
	GlobalSection(SolutionProperties) = preSolution
		HideSolutionNode = FALSE
	EndGlobalSection
	GlobalSection(ExtensibilityGlobals) = postSolution
		SolutionGuid = {AF06830C-F546-4D34-9E0D-EA14DB350942}
	EndGlobalSection
EndGlobal
